
Microsoft Visual Studio Solution File, Format Version 12.00
# Visual Studio Version 16
VisualStudioVersion = 16.0.29306.81
MinimumVisualStudioVersion = 10.0.40219.1
Project("{FAE04EC0-301F-11D3-BF4B-00C04F79EFBC}") = "EpamTask001", "EpamTask001\EpamTask001.csproj", "{89763B57-74E2-4D3D-870D-3BFFCFBF771C}"
EndProject
Global
	GlobalSection(SolutionConfigurationPlatforms) = preSolution
		Debug|Any CPU = Debug|Any CPU
		Release|Any CPU = Release|Any CPU
	EndGlobalSection
	GlobalSection(ProjectConfigurationPlatforms) = postSolution
		{89763B57-74E2-4D3D-870D-3BFFCFBF771C}.Debug|Any CPU.ActiveCfg = Debug|Any CPU
		{89763B57-74E2-4D3D-870D-3BFFCFBF771C}.Debug|Any CPU.Build.0 = Debug|Any CPU
		{89763B57-74E2-4D3D-870D-3BFFCFBF771C}.Release|Any CPU.ActiveCfg = Release|Any CPU
		{89763B57-74E2-4D3D-870D-3BFFCFBF771C}.Release|Any CPU.Build.0 = Release|Any CPU
	EndGlobalSection
	GlobalSection(SolutionProperties) = preSolution
		HideSolutionNode = FALSE
	EndGlobalSection
	GlobalSection(ExtensibilityGlobals) = postSolution
		SolutionGuid = {98048BDE-9B03-4237-8152-C1677B7E732D}
	EndGlobalSection
EndGlobal
